
Microsoft Visual Studio Solution File, Format Version 12.00
# Visual Studio Version 16
VisualStudioVersion = 16.0.31129.286
MinimumVisualStudioVersion = 10.0.40219.1
Project("{FAE04EC0-301F-11D3-BF4B-00C04F79EFBC}") = "HaliSahaProject", "HaliSahaProject.csproj", "{5CAA6169-F73E-4603-9ED7-6B30265A8613}"
EndProject
Global
	GlobalSection(SolutionConfigurationPlatforms) = preSolution
		Debug|Any CPU = Debug|Any CPU
		Release|Any CPU = Release|Any CPU
	EndGlobalSection
	GlobalSection(ProjectConfigurationPlatforms) = postSolution
		{5CAA6169-F73E-4603-9ED7-6B30265A8613}.Debug|Any CPU.ActiveCfg = Debug|Any CPU
		{5CAA6169-F73E-4603-9ED7-6B30265A8613}.Debug|Any CPU.Build.0 = Debug|Any CPU
		{5CAA6169-F73E-4603-9ED7-6B30265A8613}.Release|Any CPU.ActiveCfg = Release|Any CPU
		{5CAA6169-F73E-4603-9ED7-6B30265A8613}.Release|Any CPU.Build.0 = Release|Any CPU
	EndGlobalSection
	GlobalSection(SolutionProperties) = preSolution
		HideSolutionNode = FALSE
	EndGlobalSection
	GlobalSection(ExtensibilityGlobals) = postSolution
		SolutionGuid = {00B4666F-BED8-4C56-8A69-8632D2D229DD}
	EndGlobalSection
EndGlobal
